<?xml version="1.0" encoding="utf-8"?>
<Project ToolsVersion="4.0" xmlns="http://schemas.microsoft.com/developer/msbuild/2003">
  <ItemGroup>
    <Filter Include="core">
      <UniqueIdentifier>{4E40957C-3A77-960D-E363-7C10CF79120F}</UniqueIdentifier>
    </Filter>
    <Filter Include="renderer">
      <UniqueIdentifier>{9C6AA017-8837-FB22-B150-E9CA9D7C30B1}</UniqueIdentifier>
    </Filter>
    <Filter Include="utility">
      <UniqueIdentifier>{79DE5C48-E5BD-DBE3-EED5-66BA5A344245}</UniqueIdentifier>
    </Filter>
  </ItemGroup>
  <ItemGroup>
    <ClInclude Include="src\common.h" />
    <ClInclude Include="src\core\base.h">
      <Filter>core</Filter>
    </ClInclude>
    <ClInclude Include="src\core\platform.h">
      <Filter>core</Filter>
    </ClInclude>
    <ClInclude Include="src\renderer\gltf.h">
      <Filter>renderer</Filter>
    </ClInclude>
    <ClInclude Include="src\renderer\renderer.h">
      <Filter>renderer</Filter>
    </ClInclude>
    <ClInclude Include="src\utility\json.h">
      <Filter>utility</Filter>
    </ClInclude>
  </ItemGroup>
  <ItemGroup>
    <ClCompile Include="src\core\base.cpp">
      <Filter>core</Filter>
    </ClCompile>
    <ClCompile Include="src\core\entry_win32.cpp">
      <Filter>core</Filter>
    </ClCompile>
    <ClCompile Include="src\renderer\gltf.cpp">
      <Filter>renderer</Filter>
    </ClCompile>
    <ClCompile Include="src\renderer\renderer_d3d12.cpp">
      <Filter>renderer</Filter>
    </ClCompile>
    <ClCompile Include="src\utility\json.cpp">
      <Filter>utility</Filter>
    </ClCompile>
  </ItemGroup>
</Project>